
Microsoft Visual Studio Solution File, Format Version 12.00
# Visual Studio 15
VisualStudioVersion = 15.0.26430.12
MinimumVisualStudioVersion = 10.0.40219.1
Project("{FAE04EC0-301F-11D3-BF4B-00C04F79EFBC}") = "ObjectCallContext", "ObjectCallContext\ObjectCallContext.csproj", "{D9108DDB-1E27-4A27-B02B-8E34078F5B49}"
EndProject
Project("{2150E333-8FDC-42A3-9474-1A3956D46DE8}") = "Tests", "Tests", "{8DD6A887-6447-46F0-8597-C4617C40A31C}"
EndProject
Project("{FAE04EC0-301F-11D3-BF4B-00C04F79EFBC}") = "ObjectCallContext.Tests", "ObjectCallContext.Tests\ObjectCallContext.Tests.csproj", "{A06AC40B-1FF9-4734-978F-59967C435D22}"
EndProject
Project("{2150E333-8FDC-42A3-9474-1A3956D46DE8}") = "NuSpec", "NuSpec", "{8BF85871-8456-4877-AAE7-A58CCC4F20C0}"
	ProjectSection(SolutionItems) = preProject
		ObjectCallContext.nuspec = ObjectCallContext.nuspec
	EndProjectSection
EndProject
Global
	GlobalSection(SolutionConfigurationPlatforms) = preSolution
		Debug|Any CPU = Debug|Any CPU
		Release|Any CPU = Release|Any CPU
	EndGlobalSection
	GlobalSection(ProjectConfigurationPlatforms) = postSolution
		{D9108DDB-1E27-4A27-B02B-8E34078F5B49}.Debug|Any CPU.ActiveCfg = Debug|Any CPU
		{D9108DDB-1E27-4A27-B02B-8E34078F5B49}.Debug|Any CPU.Build.0 = Debug|Any CPU
		{D9108DDB-1E27-4A27-B02B-8E34078F5B49}.Release|Any CPU.ActiveCfg = Release|Any CPU
		{D9108DDB-1E27-4A27-B02B-8E34078F5B49}.Release|Any CPU.Build.0 = Release|Any CPU
		{A06AC40B-1FF9-4734-978F-59967C435D22}.Debug|Any CPU.ActiveCfg = Debug|Any CPU
		{A06AC40B-1FF9-4734-978F-59967C435D22}.Debug|Any CPU.Build.0 = Debug|Any CPU
		{A06AC40B-1FF9-4734-978F-59967C435D22}.Release|Any CPU.ActiveCfg = Release|Any CPU
		{A06AC40B-1FF9-4734-978F-59967C435D22}.Release|Any CPU.Build.0 = Release|Any CPU
	EndGlobalSection
	GlobalSection(SolutionProperties) = preSolution
		HideSolutionNode = FALSE
	EndGlobalSection
	GlobalSection(NestedProjects) = preSolution
		{A06AC40B-1FF9-4734-978F-59967C435D22} = {8DD6A887-6447-46F0-8597-C4617C40A31C}
	EndGlobalSection
EndGlobal
